
Microsoft Visual Studio Solution File, Format Version 12.00
# Visual Studio Version 17
VisualStudioVersion = 17.11.35312.102
MinimumVisualStudioVersion = 10.0.40219.1
Project("{FAE04EC0-301F-11D3-BF4B-00C04F79EFBC}") = "Libreria_EMO", "Libreria_EMO.csproj", "{EEC21DA4-3AB7-4CB9-B7AB-D94C6D4AE160}"
EndProject
Global
	GlobalSection(SolutionConfigurationPlatforms) = preSolution
		Debug|Any CPU = Debug|Any CPU
		Release|Any CPU = Release|Any CPU
	EndGlobalSection
	GlobalSection(ProjectConfigurationPlatforms) = postSolution
		{EEC21DA4-3AB7-4CB9-B7AB-D94C6D4AE160}.Debug|Any CPU.ActiveCfg = Debug|Any CPU
		{EEC21DA4-3AB7-4CB9-B7AB-D94C6D4AE160}.Debug|Any CPU.Build.0 = Debug|Any CPU
		{EEC21DA4-3AB7-4CB9-B7AB-D94C6D4AE160}.Release|Any CPU.ActiveCfg = Release|Any CPU
		{EEC21DA4-3AB7-4CB9-B7AB-D94C6D4AE160}.Release|Any CPU.Build.0 = Release|Any CPU
	EndGlobalSection
	GlobalSection(SolutionProperties) = preSolution
		HideSolutionNode = FALSE
	EndGlobalSection
	GlobalSection(ExtensibilityGlobals) = postSolution
		SolutionGuid = {C9A9AF4A-BB04-44A4-A1C2-A99411ADCB04}
	EndGlobalSection
EndGlobal
